
Microsoft Visual Studio Solution File, Format Version 12.00
# Visual Studio Version 16
VisualStudioVersion = 16.0.29326.143
MinimumVisualStudioVersion = 10.0.40219.1
Project("{2150E333-8FDC-42A3-9474-1A3956D46DE8}") = "src", "src", "{EC59707A-387B-4DD9-8260-ECA0111B0B24}"
EndProject
Project("{2150E333-8FDC-42A3-9474-1A3956D46DE8}") = "CircuitBreaker", "CircuitBreaker", "{68FE3477-A022-45B6-9DE9-727DD608327F}"
EndProject
Project("{2150E333-8FDC-42A3-9474-1A3956D46DE8}") = "Services", "Services", "{ADCDB95A-BD50-48E2-B8C5-D2AAC5E19E79}"
EndProject
Project("{2150E333-8FDC-42A3-9474-1A3956D46DE8}") = "MessageBlocks", "MessageBlocks", "{A6EEF18C-DD93-4E08-BBC8-F0274E44E90A}"
EndProject
Project("{2150E333-8FDC-42A3-9474-1A3956D46DE8}") = "ApiGateways", "ApiGateways", "{C798F9A2-2339-404A-85E7-572817E7894A}"
EndProject
Project("{2150E333-8FDC-42A3-9474-1A3956D46DE8}") = "Webs", "Webs", "{92415E98-7154-4339-929A-EB119946BA5C}"
EndProject
Project("{2150E333-8FDC-42A3-9474-1A3956D46DE8}") = "Core", "Core", "{F3241466-5490-4359-9292-881DDFEDE5F4}"
EndProject
Project("{FAE04EC0-301F-11D3-BF4B-00C04F79EFBC}") = "CSharp.Cricuit.Breaker", "src\CircuitBreaker\CSharp.Cricuit.Breaker\CSharp.Cricuit.Breaker.csproj", "{3708B5F8-060D-432B-8DF2-C25EF2D331F0}"
EndProject
Project("{2150E333-8FDC-42A3-9474-1A3956D46DE8}") = "OAuth", "OAuth", "{5A40EE8B-FD54-4F73-B6DB-0584C12C2D04}"
EndProject
Project("{FAE04EC0-301F-11D3-BF4B-00C04F79EFBC}") = "CSharp.OAuth.Server", "src\Services\OAuth\CSharp.OAuth.Server\CSharp.OAuth.Server.csproj", "{7B8E5BB1-91B5-4AD1-A254-68468807C117}"
EndProject
Project("{FAE04EC0-301F-11D3-BF4B-00C04F79EFBC}") = "CSharp.Utilities", "src\Core\CSharp.Utilities\CSharp.Utilities.csproj", "{80EDCA27-8143-4F30-98CB-477033F28899}"
EndProject
Project("{FAE04EC0-301F-11D3-BF4B-00C04F79EFBC}") = "CSharp.Core", "src\Core\CSharp.Core\CSharp.Core.csproj", "{B3128183-37EE-415E-8C08-23702AC7A51C}"
EndProject
Project("{2150E333-8FDC-42A3-9474-1A3956D46DE8}") = "MvcClient", "MvcClient", "{3B83E2D7-1716-431B-9A39-D68F8CF9C975}"
EndProject
Project("{FAE04EC0-301F-11D3-BF4B-00C04F79EFBC}") = "CSharp.MvcClient", "src\Webs\MvcClient\CSharp.MvcClient\CSharp.MvcClient.csproj", "{62F4A382-4FEF-4852-A12F-81BAA9A48BC7}"
EndProject
Global
	GlobalSection(SolutionConfigurationPlatforms) = preSolution
		Debug|Any CPU = Debug|Any CPU
		Release|Any CPU = Release|Any CPU
	EndGlobalSection
	GlobalSection(ProjectConfigurationPlatforms) = postSolution
		{3708B5F8-060D-432B-8DF2-C25EF2D331F0}.Debug|Any CPU.ActiveCfg = Debug|Any CPU
		{3708B5F8-060D-432B-8DF2-C25EF2D331F0}.Debug|Any CPU.Build.0 = Debug|Any CPU
		{3708B5F8-060D-432B-8DF2-C25EF2D331F0}.Release|Any CPU.ActiveCfg = Release|Any CPU
		{3708B5F8-060D-432B-8DF2-C25EF2D331F0}.Release|Any CPU.Build.0 = Release|Any CPU
		{7B8E5BB1-91B5-4AD1-A254-68468807C117}.Debug|Any CPU.ActiveCfg = Debug|Any CPU
		{7B8E5BB1-91B5-4AD1-A254-68468807C117}.Debug|Any CPU.Build.0 = Debug|Any CPU
		{7B8E5BB1-91B5-4AD1-A254-68468807C117}.Release|Any CPU.ActiveCfg = Release|Any CPU
		{7B8E5BB1-91B5-4AD1-A254-68468807C117}.Release|Any CPU.Build.0 = Release|Any CPU
		{80EDCA27-8143-4F30-98CB-477033F28899}.Debug|Any CPU.ActiveCfg = Debug|Any CPU
		{80EDCA27-8143-4F30-98CB-477033F28899}.Debug|Any CPU.Build.0 = Debug|Any CPU
		{80EDCA27-8143-4F30-98CB-477033F28899}.Release|Any CPU.ActiveCfg = Release|Any CPU
		{80EDCA27-8143-4F30-98CB-477033F28899}.Release|Any CPU.Build.0 = Release|Any CPU
		{B3128183-37EE-415E-8C08-23702AC7A51C}.Debug|Any CPU.ActiveCfg = Debug|Any CPU
		{B3128183-37EE-415E-8C08-23702AC7A51C}.Debug|Any CPU.Build.0 = Debug|Any CPU
		{B3128183-37EE-415E-8C08-23702AC7A51C}.Release|Any CPU.ActiveCfg = Release|Any CPU
		{B3128183-37EE-415E-8C08-23702AC7A51C}.Release|Any CPU.Build.0 = Release|Any CPU
		{62F4A382-4FEF-4852-A12F-81BAA9A48BC7}.Debug|Any CPU.ActiveCfg = Debug|Any CPU
		{62F4A382-4FEF-4852-A12F-81BAA9A48BC7}.Debug|Any CPU.Build.0 = Debug|Any CPU
		{62F4A382-4FEF-4852-A12F-81BAA9A48BC7}.Release|Any CPU.ActiveCfg = Release|Any CPU
		{62F4A382-4FEF-4852-A12F-81BAA9A48BC7}.Release|Any CPU.Build.0 = Release|Any CPU
	EndGlobalSection
	GlobalSection(SolutionProperties) = preSolution
		HideSolutionNode = FALSE
	EndGlobalSection
	GlobalSection(NestedProjects) = preSolution
		{68FE3477-A022-45B6-9DE9-727DD608327F} = {EC59707A-387B-4DD9-8260-ECA0111B0B24}
		{ADCDB95A-BD50-48E2-B8C5-D2AAC5E19E79} = {EC59707A-387B-4DD9-8260-ECA0111B0B24}
		{A6EEF18C-DD93-4E08-BBC8-F0274E44E90A} = {EC59707A-387B-4DD9-8260-ECA0111B0B24}
		{C798F9A2-2339-404A-85E7-572817E7894A} = {EC59707A-387B-4DD9-8260-ECA0111B0B24}
		{92415E98-7154-4339-929A-EB119946BA5C} = {EC59707A-387B-4DD9-8260-ECA0111B0B24}
		{F3241466-5490-4359-9292-881DDFEDE5F4} = {EC59707A-387B-4DD9-8260-ECA0111B0B24}
		{3708B5F8-060D-432B-8DF2-C25EF2D331F0} = {68FE3477-A022-45B6-9DE9-727DD608327F}
		{5A40EE8B-FD54-4F73-B6DB-0584C12C2D04} = {ADCDB95A-BD50-48E2-B8C5-D2AAC5E19E79}
		{7B8E5BB1-91B5-4AD1-A254-68468807C117} = {5A40EE8B-FD54-4F73-B6DB-0584C12C2D04}
		{80EDCA27-8143-4F30-98CB-477033F28899} = {F3241466-5490-4359-9292-881DDFEDE5F4}
		{B3128183-37EE-415E-8C08-23702AC7A51C} = {F3241466-5490-4359-9292-881DDFEDE5F4}
		{3B83E2D7-1716-431B-9A39-D68F8CF9C975} = {92415E98-7154-4339-929A-EB119946BA5C}
		{62F4A382-4FEF-4852-A12F-81BAA9A48BC7} = {3B83E2D7-1716-431B-9A39-D68F8CF9C975}
	EndGlobalSection
	GlobalSection(ExtensibilityGlobals) = postSolution
		SolutionGuid = {F2591052-7D33-4A4B-A513-DE55D9701AB0}
	EndGlobalSection
EndGlobal
